
Microsoft Visual Studio Solution File, Format Version 12.00
# Visual Studio Version 17
VisualStudioVersion = 17.3.32929.385
MinimumVisualStudioVersion = 10.0.40219.1
Project("{FAE04EC0-301F-11D3-BF4B-00C04F79EFBC}") = "Pc_maintainance_shop_Management", "Pc_maintainance_shop_Management\Pc_maintainance_shop_Management.csproj", "{27595E47-3D36-4A37-9CB7-6567DED933DB}"
EndProject
Global
	GlobalSection(SolutionConfigurationPlatforms) = preSolution
		Debug|Any CPU = Debug|Any CPU
		Release|Any CPU = Release|Any CPU
	EndGlobalSection
	GlobalSection(ProjectConfigurationPlatforms) = postSolution
		{27595E47-3D36-4A37-9CB7-6567DED933DB}.Debug|Any CPU.ActiveCfg = Debug|Any CPU
		{27595E47-3D36-4A37-9CB7-6567DED933DB}.Debug|Any CPU.Build.0 = Debug|Any CPU
		{27595E47-3D36-4A37-9CB7-6567DED933DB}.Release|Any CPU.ActiveCfg = Release|Any CPU
		{27595E47-3D36-4A37-9CB7-6567DED933DB}.Release|Any CPU.Build.0 = Release|Any CPU
	EndGlobalSection
	GlobalSection(SolutionProperties) = preSolution
		HideSolutionNode = FALSE
	EndGlobalSection
	GlobalSection(ExtensibilityGlobals) = postSolution
		SolutionGuid = {05953A53-D304-4D33-971D-2F9885C416B3}
	EndGlobalSection
EndGlobal
